
Microsoft Visual Studio Solution File, Format Version 12.00
# Visual Studio Version 17
VisualStudioVersion = 17.10.34928.147
MinimumVisualStudioVersion = 10.0.40219.1
Project("{FAE04EC0-301F-11D3-BF4B-00C04F79EFBC}") = "Cartório21.Business", "Cartório21.Business\Cartório21.Business.csproj", "{76469626-A144-4CB3-B1AB-96BE7DD8DC69}"
EndProject
Project("{FAE04EC0-301F-11D3-BF4B-00C04F79EFBC}") = "Cartório21.UI", "Cartório21.UI\Cartório21.UI.csproj", "{88FBDE52-BF51-4205-99BC-A38A4BD75189}"
EndProject
Project("{FAE04EC0-301F-11D3-BF4B-00C04F79EFBC}") = "Cartório21.Database", "Cartório21.Database\Cartório21.Database.csproj", "{AFBFF8AE-89E4-42D8-A1BA-72CCC2D002A6}"
EndProject
Global
	GlobalSection(SolutionConfigurationPlatforms) = preSolution
		Debug|Any CPU = Debug|Any CPU
		Release|Any CPU = Release|Any CPU
	EndGlobalSection
	GlobalSection(ProjectConfigurationPlatforms) = postSolution
		{76469626-A144-4CB3-B1AB-96BE7DD8DC69}.Debug|Any CPU.ActiveCfg = Debug|Any CPU
		{76469626-A144-4CB3-B1AB-96BE7DD8DC69}.Debug|Any CPU.Build.0 = Debug|Any CPU
		{76469626-A144-4CB3-B1AB-96BE7DD8DC69}.Release|Any CPU.ActiveCfg = Release|Any CPU
		{76469626-A144-4CB3-B1AB-96BE7DD8DC69}.Release|Any CPU.Build.0 = Release|Any CPU
		{88FBDE52-BF51-4205-99BC-A38A4BD75189}.Debug|Any CPU.ActiveCfg = Debug|Any CPU
		{88FBDE52-BF51-4205-99BC-A38A4BD75189}.Debug|Any CPU.Build.0 = Debug|Any CPU
		{88FBDE52-BF51-4205-99BC-A38A4BD75189}.Release|Any CPU.ActiveCfg = Release|Any CPU
		{88FBDE52-BF51-4205-99BC-A38A4BD75189}.Release|Any CPU.Build.0 = Release|Any CPU
		{AFBFF8AE-89E4-42D8-A1BA-72CCC2D002A6}.Debug|Any CPU.ActiveCfg = Debug|Any CPU
		{AFBFF8AE-89E4-42D8-A1BA-72CCC2D002A6}.Debug|Any CPU.Build.0 = Debug|Any CPU
		{AFBFF8AE-89E4-42D8-A1BA-72CCC2D002A6}.Release|Any CPU.ActiveCfg = Release|Any CPU
		{AFBFF8AE-89E4-42D8-A1BA-72CCC2D002A6}.Release|Any CPU.Build.0 = Release|Any CPU
	EndGlobalSection
	GlobalSection(SolutionProperties) = preSolution
		HideSolutionNode = FALSE
	EndGlobalSection
	GlobalSection(ExtensibilityGlobals) = postSolution
		SolutionGuid = {0BD81CEC-3F0E-4C2A-8303-D0C024734D0A}
	EndGlobalSection
EndGlobal
